
Microsoft Visual Studio Solution File, Format Version 12.00
# Visual Studio 14
VisualStudioVersion = 14.0.25123.0
MinimumVisualStudioVersion = 10.0.40219.1
Project("{FAE04EC0-301F-11D3-BF4B-00C04F79EFBC}") = "MyDukkan", "MyDukkan\MyDukkan.csproj", "{447B8C6A-AEB5-4353-AB7E-F3554B46C34E}"
EndProject
Global
	GlobalSection(SolutionConfigurationPlatforms) = preSolution
		Debug|Any CPU = Debug|Any CPU
		Release|Any CPU = Release|Any CPU
	EndGlobalSection
	GlobalSection(ProjectConfigurationPlatforms) = postSolution
		{447B8C6A-AEB5-4353-AB7E-F3554B46C34E}.Debug|Any CPU.ActiveCfg = Debug|Any CPU
		{447B8C6A-AEB5-4353-AB7E-F3554B46C34E}.Debug|Any CPU.Build.0 = Debug|Any CPU
		{447B8C6A-AEB5-4353-AB7E-F3554B46C34E}.Release|Any CPU.ActiveCfg = Release|Any CPU
		{447B8C6A-AEB5-4353-AB7E-F3554B46C34E}.Release|Any CPU.Build.0 = Release|Any CPU
	EndGlobalSection
	GlobalSection(SolutionProperties) = preSolution
		HideSolutionNode = FALSE
	EndGlobalSection
EndGlobal
